
Microsoft Visual Studio Solution File, Format Version 12.00
# Visual Studio Version 16
VisualStudioVersion = 16.0.29230.47
MinimumVisualStudioVersion = 10.0.40219.1
Project("{FAE04EC0-301F-11D3-BF4B-00C04F79EFBC}") = "EngEdu", "EngEdu\EngEdu.csproj", "{921C837A-8085-4814-8713-B52E67E1D56B}"
EndProject
Global
	GlobalSection(SolutionConfigurationPlatforms) = preSolution
		Debug|Any CPU = Debug|Any CPU
		Release|Any CPU = Release|Any CPU
	EndGlobalSection
	GlobalSection(ProjectConfigurationPlatforms) = postSolution
		{921C837A-8085-4814-8713-B52E67E1D56B}.Debug|Any CPU.ActiveCfg = Debug|Any CPU
		{921C837A-8085-4814-8713-B52E67E1D56B}.Debug|Any CPU.Build.0 = Debug|Any CPU
		{921C837A-8085-4814-8713-B52E67E1D56B}.Release|Any CPU.ActiveCfg = Release|Any CPU
		{921C837A-8085-4814-8713-B52E67E1D56B}.Release|Any CPU.Build.0 = Release|Any CPU
	EndGlobalSection
	GlobalSection(SolutionProperties) = preSolution
		HideSolutionNode = FALSE
	EndGlobalSection
	GlobalSection(ExtensibilityGlobals) = postSolution
		SolutionGuid = {126C8756-F186-4C01-9FAB-29D6A7FD257D}
	EndGlobalSection
EndGlobal
